# This file was autogenerated by Stack.
# You should not edit this file by hand.
# For more information, please see the documentation at:
#   https://docs.haskellstack.org/en/stable/lock_files

packages: []
snapshots:
- completed:
    sha256: e134cdce2ef4c28a0791a8c33aa6e35d4a3eeebc30b842a3062b318b84ae2b68
    size: 544564
    url: https://raw.githubusercontent.com/commercialhaskell/stackage-snapshots/master/nightly/2023/7/7.yaml
  original: nightly-2023-07-07
